{
	"name": "pandoc",
	"version": "0.0.1",
	"lockfileVersion": 1,
	"requires": true,
	"dependencies": {
		"@types/linkify-it": {
			"version": "3.0.2",
			"resolved": "https://registry.npmjs.org/@types/linkify-it/-/linkify-it-3.0.2.tgz",
			"integrity": "sha512-HZQYqbiFVWufzCwexrvh694SOim8z2d+xJl5UNamcvQFejLY/2YUtzXHYi3cHdI7PMlS8ejH2slRAOJQ32aNbA=="
		},
		"@types/markdown-it": {
			"version": "12.2.3",
			"resolved": "https://registry.npmjs.org/@types/markdown-it/-/markdown-it-12.2.3.tgz",
			"integrity": "sha512-GKMHFfv3458yYy+v/N8gjufHO6MSZKCOXpZc5GXIWWy8uldwfmPn98vp81gZ5f9SVw8YYBctgfJ22a2d7AOMeQ==",
			"requires": {
				"@types/linkify-it": "*",
				"@types/mdurl": "*"
			}
		},
		"@types/mdurl": {
			"version": "1.0.2",
			"resolved": "https://registry.npmjs.org/@types/mdurl/-/mdurl-1.0.2.tgz",
			"integrity": "sha512-eC4U9MlIcu2q0KQmXszyn5Akca/0jrQmwDRgpAMJai7qBWq4amIQhZyNau4VYGtCeALvW1/NtjzJJ567aZxfKA=="
		},
		"ansi-colors": {
			"version": "4.1.1",
			"resolved": "https://registry.npmjs.org/ansi-colors/-/ansi-colors-4.1.1.tgz",
			"integrity": "sha512-JoX0apGbHaUJBNl6yF+p6JAFYZ666/hhCGKN5t9QFjbJQKUU/g8MNbFDbvfrgKXvI1QpZplPOnwIo99lX/AAmA=="
		},
		"argparse": {
			"version": "2.0.1",
			"resolved": "https://registry.npmjs.org/argparse/-/argparse-2.0.1.tgz",
			"integrity": "sha512-8+9WqebbFzpX9OR+Wa6O29asIogeRMzcGtAINdpMHHyAg10f05aSFVBbcEqGf/PXw1EjAZ+q2/bEBg3DvurK3Q=="
		},
		"boolbase": {
			"version": "1.0.0",
			"resolved": "https://registry.npmjs.org/boolbase/-/boolbase-1.0.0.tgz",
			"integrity": "sha1-aN/1++YMUes3cl6p4+0xDcwed24="
		},
		"cheerio": {
			"version": "1.0.0-rc.10",
			"resolved": "https://registry.npmjs.org/cheerio/-/cheerio-1.0.0-rc.10.tgz",
			"integrity": "sha512-g0J0q/O6mW8z5zxQ3A8E8J1hUgp4SMOvEoW/x84OwyHKe/Zccz83PVT4y5Crcr530FV6NgmKI1qvGTKVl9XXVw==",
			"requires": {
				"cheerio-select": "^1.5.0",
				"dom-serializer": "^1.3.2",
				"domhandler": "^4.2.0",
				"htmlparser2": "^6.1.0",
				"parse5": "^6.0.1",
				"parse5-htmlparser2-tree-adapter": "^6.0.1",
				"tslib": "^2.2.0"
			},
			"dependencies": {
				"tslib": {
					"version": "2.3.1",
					"resolved": "https://registry.npmjs.org/tslib/-/tslib-2.3.1.tgz",
					"integrity": "sha512-77EbyPPpMz+FRFRuAFlWMtmgUWGe9UOG2Z25NqCwiIjRhOf5iKGuzSe5P2w1laq+FkRy4p+PCuVkJSGkzTEKVw=="
				}
			}
		},
		"cheerio-select": {
			"version": "1.5.0",
			"resolved": "https://registry.npmjs.org/cheerio-select/-/cheerio-select-1.5.0.tgz",
			"integrity": "sha512-qocaHPv5ypefh6YNxvnbABM07KMxExbtbfuJoIie3iZXX1ERwYmJcIiRrr9H05ucQP1k28dav8rpdDgjQd8drg==",
			"requires": {
				"css-select": "^4.1.3",
				"css-what": "^5.0.1",
				"domelementtype": "^2.2.0",
				"domhandler": "^4.2.0",
				"domutils": "^2.7.0"
			}
		},
		"css-select": {
			"version": "4.2.1",
			"resolved": "https://registry.npmjs.org/css-select/-/css-select-4.2.1.tgz",
			"integrity": "sha512-/aUslKhzkTNCQUB2qTX84lVmfia9NyjP3WpDGtj/WxhwBzWBYUV3DgUpurHTme8UTPcPlAD1DJ+b0nN/t50zDQ==",
			"requires": {
				"boolbase": "^1.0.0",
				"css-what": "^5.1.0",
				"domhandler": "^4.3.0",
				"domutils": "^2.8.0",
				"nth-check": "^2.0.1"
			}
		},
		"css-what": {
			"version": "5.1.0",
			"resolved": "https://registry.npmjs.org/css-what/-/css-what-5.1.0.tgz",
			"integrity": "sha512-arSMRWIIFY0hV8pIxZMEfmMI47Wj3R/aWpZDDxWYCPEiOMv6tfOrnpDtgxBYPEQD4V0Y/958+1TdC3iWTFcUPw=="
		},
		"dom-serializer": {
			"version": "1.3.2",
			"resolved": "https://registry.npmjs.org/dom-serializer/-/dom-serializer-1.3.2.tgz",
			"integrity": "sha512-5c54Bk5Dw4qAxNOI1pFEizPSjVsx5+bpJKmL2kPn8JhBUq2q09tTCa3mjijun2NfK78NMouDYNMBkOrPZiS+ig==",
			"requires": {
				"domelementtype": "^2.0.1",
				"domhandler": "^4.2.0",
				"entities": "^2.0.0"
			}
		},
		"domelementtype": {
			"version": "2.2.0",
			"resolved": "https://registry.npmjs.org/domelementtype/-/domelementtype-2.2.0.tgz",
			"integrity": "sha512-DtBMo82pv1dFtUmHyr48beiuq792Sxohr+8Hm9zoxklYPfa6n0Z3Byjj2IV7bmr2IyqClnqEQhfgHJJ5QF0R5A=="
		},
		"domhandler": {
			"version": "4.3.0",
			"resolved": "https://registry.npmjs.org/domhandler/-/domhandler-4.3.0.tgz",
			"integrity": "sha512-fC0aXNQXqKSFTr2wDNZDhsEYjCiYsDWl3D01kwt25hm1YIPyDGHvvi3rw+PLqHAl/m71MaiF7d5zvBr0p5UB2g==",
			"requires": {
				"domelementtype": "^2.2.0"
			}
		},
		"domutils": {
			"version": "2.8.0",
			"resolved": "https://registry.npmjs.org/domutils/-/domutils-2.8.0.tgz",
			"integrity": "sha512-w96Cjofp72M5IIhpjgobBimYEfoPjx1Vx0BSX9P30WBdZW2WIKU0T1Bd0kz2eNZ9ikjKgHbEyKx8BB6H1L3h3A==",
			"requires": {
				"dom-serializer": "^1.0.1",
				"domelementtype": "^2.2.0",
				"domhandler": "^4.2.0"
			}
		},
		"entities": {
			"version": "2.1.0",
			"resolved": "https://registry.npmjs.org/entities/-/entities-2.1.0.tgz",
			"integrity": "sha512-hCx1oky9PFrJ611mf0ifBLBRW8lUUVRlFolb5gWRfIELabBlbp9xZvrqZLZAs+NxFnbfQoeGd8wDkygjg7U85w=="
		},
		"esbuild": {
			"version": "0.14.18",
			"resolved": "https://registry.npmjs.org/esbuild/-/esbuild-0.14.18.tgz",
			"integrity": "sha512-vCUoISSltnX7ax01w70pWOSQT+e55o+2P/a+A9MSTukJAt3T4aDZajcjeG4fnZbkvOEv+dkKgdkvljz6vVQD4A==",
			"dev": true,
			"requires": {
				"esbuild-android-arm64": "0.14.18",
				"esbuild-darwin-64": "0.14.18",
				"esbuild-darwin-arm64": "0.14.18",
				"esbuild-freebsd-64": "0.14.18",
				"esbuild-freebsd-arm64": "0.14.18",
				"esbuild-linux-32": "0.14.18",
				"esbuild-linux-64": "0.14.18",
				"esbuild-linux-arm": "0.14.18",
				"esbuild-linux-arm64": "0.14.18",
				"esbuild-linux-mips64le": "0.14.18",
				"esbuild-linux-ppc64le": "0.14.18",
				"esbuild-linux-s390x": "0.14.18",
				"esbuild-netbsd-64": "0.14.18",
				"esbuild-openbsd-64": "0.14.18",
				"esbuild-sunos-64": "0.14.18",
				"esbuild-windows-32": "0.14.18",
				"esbuild-windows-64": "0.14.18",
				"esbuild-windows-arm64": "0.14.18"
			}
		},
		"esbuild-android-arm64": {
			"version": "0.14.18",
			"resolved": "https://registry.npmjs.org/esbuild-android-arm64/-/esbuild-android-arm64-0.14.18.tgz",
			"integrity": "sha512-AuE8vIwc6QLquwykyscFk0Ji3RFczoOvjka64FJlcjLLhD6VsS584RYlQrSnPpRkv69PunUvyrBoEF7JFTJijg==",
			"dev": true,
			"optional": true
		},
		"esbuild-darwin-64": {
			"version": "0.14.18",
			"resolved": "https://registry.npmjs.org/esbuild-darwin-64/-/esbuild-darwin-64-0.14.18.tgz",
			"integrity": "sha512-nN1XziZtDy8QYOggaXC3zu0vVh8YJpS8Bol7bHaxx0enTLDSFBCXUUJEKYpmAAJ4OZRPgjXv8NzEHHQWQvLzXg==",
			"dev": true,
			"optional": true
		},
		"esbuild-darwin-arm64": {
			"version": "0.14.18",
			"resolved": "https://registry.npmjs.org/esbuild-darwin-arm64/-/esbuild-darwin-arm64-0.14.18.tgz",
			"integrity": "sha512-v0i2n6TCsbxco/W1fN8RgQt3RW00Q9zJO2eqiAdmLWg6Hx0HNHloZyfhF11i7nMUUgW8r5n++ZweIXjAFPE/gQ==",
			"dev": true,
			"optional": true
		},
		"esbuild-freebsd-64": {
			"version": "0.14.18",
			"resolved": "https://registry.npmjs.org/esbuild-freebsd-64/-/esbuild-freebsd-64-0.14.18.tgz",
			"integrity": "sha512-XLyJZTWbSuQJOqw867tBxvto6GjxULvWZYKs6RFHYQPCqgQ0ODLRtBmp4Fqqpde52yOe45npaaoup9IXNfr32A==",
			"dev": true,
			"optional": true
		},
		"esbuild-freebsd-arm64": {
			"version": "0.14.18",
			"resolved": "https://registry.npmjs.org/esbuild-freebsd-arm64/-/esbuild-freebsd-arm64-0.14.18.tgz",
			"integrity": "sha512-0ItfrR8hePnDcUXxUQxY+VfICcBfeMJCdK6mcNUXnXw6LyHjyUYXWpFXF+J18pg1/YUWRWO1HbsJ7FEwELcQIA==",
			"dev": true,
			"optional": true
		},
		"esbuild-linux-32": {
			"version": "0.14.18",
			"resolved": "https://registry.npmjs.org/esbuild-linux-32/-/esbuild-linux-32-0.14.18.tgz",
			"integrity": "sha512-mnG84D9NsEsoQdBpBT0IsFjm5iAwnd81SP4tRMXZLl09lPvIWjHHSq6LDlb4+L5H5K5y68WC//X5Dr2MtNY3DQ==",
			"dev": true,
			"optional": true
		},
		"esbuild-linux-64": {
			"version": "0.14.18",
			"resolved": "https://registry.npmjs.org/esbuild-linux-64/-/esbuild-linux-64-0.14.18.tgz",
			"integrity": "sha512-HvExRtkeA8l/p+7Lf6aBrnLH+jTCFJTUMJxGKExh2RD8lCXGTeDJFyP+BOEetP80fuuH+Syj79+LVQ9MihdBsg==",
			"dev": true,
			"optional": true
		},
		"esbuild-linux-arm": {
			"version": "0.14.18",
			"resolved": "https://registry.npmjs.org/esbuild-linux-arm/-/esbuild-linux-arm-0.14.18.tgz",
			"integrity": "sha512-+ZL8xfXVNaeaZ2Kxqlw2VYZWRDZ7NSK4zOV9GKNAtkkWURLsPUU84aUOBatRe9BH1O5FDo3LLQSlaA04ed6lhA==",
			"dev": true,
			"optional": true
		},
		"esbuild-linux-arm64": {
			"version": "0.14.18",
			"resolved": "https://registry.npmjs.org/esbuild-linux-arm64/-/esbuild-linux-arm64-0.14.18.tgz",
			"integrity": "sha512-CCWmilODE1ckw+M7RVqoqKWA4UB0alCyK2bv0ikEeEAwkzinlJeoe94t9CnT/ECSQ2sL+C16idsr+aUviGp7sg==",
			"dev": true,
			"optional": true
		},
		"esbuild-linux-mips64le": {
			"version": "0.14.18",
			"resolved": "https://registry.npmjs.org/esbuild-linux-mips64le/-/esbuild-linux-mips64le-0.14.18.tgz",
			"integrity": "sha512-8LjO4+6Vxz5gbyCHO4OONYMF689nLderCtzb8lG1Bncs4ZXHpo6bjvuWeTMRbGUkvAhp+P6hMTzia7RHOC53wQ==",
			"dev": true,
			"optional": true
		},
		"esbuild-linux-ppc64le": {
			"version": "0.14.18",
			"resolved": "https://registry.npmjs.org/esbuild-linux-ppc64le/-/esbuild-linux-ppc64le-0.14.18.tgz",
			"integrity": "sha512-0OJk/6iYEmF1J7LXY6+cqf6Ga5vG4an7n1nubTKce7kYqaTyNGfYcTjDZce6lnDVlZTJtwntIMszq1+ZX7Kenw==",
			"dev": true,
			"optional": true
		},
		"esbuild-linux-s390x": {
			"version": "0.14.18",
			"resolved": "https://registry.npmjs.org/esbuild-linux-s390x/-/esbuild-linux-s390x-0.14.18.tgz",
			"integrity": "sha512-UNY7YKZHjY31KcNanJK4QaT2/aoIQyS+jViP3QuDRIoYAogRnc6WydylzIkkEzGMaC4fzaXOmQ8fxwpLAXK4Yg==",
			"dev": true,
			"optional": true
		},
		"esbuild-netbsd-64": {
			"version": "0.14.18",
			"resolved": "https://registry.npmjs.org/esbuild-netbsd-64/-/esbuild-netbsd-64-0.14.18.tgz",
			"integrity": "sha512-wE/2xT9KNzLCfEBw24YbVmMmXH92cFIzrRPUlwWH9dIizjvEYYcyQ+peTMVkqzUum7pdlVLZ2CDDqAaZo/nW/w==",
			"dev": true,
			"optional": true
		},
		"esbuild-openbsd-64": {
			"version": "0.14.18",
			"resolved": "https://registry.npmjs.org/esbuild-openbsd-64/-/esbuild-openbsd-64-0.14.18.tgz",
			"integrity": "sha512-vdymE2jyuH/FRmTvrguCYSrq81/rUwuhMYyvt/6ibv9ac7xQ674c8qTdT+RH73sR9/2WUD/NsYxrBA/wUVTxcg==",
			"dev": true,
			"optional": true
		},
		"esbuild-sunos-64": {
			"version": "0.14.18",
			"resolved": "https://registry.npmjs.org/esbuild-sunos-64/-/esbuild-sunos-64-0.14.18.tgz",
			"integrity": "sha512-X/Tesy6K1MdJF1d5cbzFDxrIMMn0ye+VgTQRI8P5Vo2CcKxOdckwsKUwpRAvg+VDZ6MxrSOTYS9OOoggPUjxTg==",
			"dev": true,
			"optional": true
		},
		"esbuild-windows-32": {
			"version": "0.14.18",
			"resolved": "https://registry.npmjs.org/esbuild-windows-32/-/esbuild-windows-32-0.14.18.tgz",
			"integrity": "sha512-glG23I/JzCL4lu7DWFUtVwqFwNwlL0g+ks+mcjjUisHcINoSXTeCNToUN0bHhzn6IlXXnggNQ38Ew/idHPM8+g==",
			"dev": true,
			"optional": true
		},
		"esbuild-windows-64": {
			"version": "0.14.18",
			"resolved": "https://registry.npmjs.org/esbuild-windows-64/-/esbuild-windows-64-0.14.18.tgz",
			"integrity": "sha512-zEiFKHgV/3z14wsVamV98/5mxeOwz+ecyg0pD3fWcBz9j4EOIT1Tg47axypD4QLwiKFvve9mUBYX1cD99qxOyw==",
			"dev": true,
			"optional": true
		},
		"esbuild-windows-arm64": {
			"version": "0.14.18",
			"resolved": "https://registry.npmjs.org/esbuild-windows-arm64/-/esbuild-windows-arm64-0.14.18.tgz",
			"integrity": "sha512-Mh8lZFcPLat13dABN7lZThGUOn9YxoH5RYkhBq0U3WqQohHzKRhllYh7ibFixnkpMLnv8OZEbl8bGLMy03MpfA==",
			"dev": true,
			"optional": true
		},
		"escape-goat": {
			"version": "3.0.0",
			"resolved": "https://registry.npmjs.org/escape-goat/-/escape-goat-3.0.0.tgz",
			"integrity": "sha512-w3PwNZJwRxlp47QGzhuEBldEqVHHhh8/tIPcl6ecf2Bou99cdAt0knihBV0Ecc7CGxYduXVBDheH1K2oADRlvw=="
		},
		"esm": {
			"version": "3.2.25",
			"resolved": "https://registry.npmjs.org/esm/-/esm-3.2.25.tgz",
			"integrity": "sha512-U1suiZ2oDVWv4zPO56S0NcR5QriEahGtdN2OR6FiOG4WJvcjBVFB0qI4+eKoWFH483PKGuLuu6V8Z4T5g63UVA=="
		},
		"htmlparser2": {
			"version": "6.1.0",
			"resolved": "https://registry.npmjs.org/htmlparser2/-/htmlparser2-6.1.0.tgz",
			"integrity": "sha512-gyyPk6rgonLFEDGoeRgQNaEUvdJ4ktTmmUh/h2t7s+M8oPpIPxgNACWa+6ESR57kXstwqPiCut0V8NRpcwgU7A==",
			"requires": {
				"domelementtype": "^2.0.1",
				"domhandler": "^4.0.0",
				"domutils": "^2.5.2",
				"entities": "^2.0.0"
			}
		},
		"juice": {
			"version": "8.0.0",
			"resolved": "https://registry.npmjs.org/juice/-/juice-8.0.0.tgz",
			"integrity": "sha512-LRCfXBOqI1wt+zYR/5xwDnf+ZyiJiDt44DGZaBSAVwZWyWv3BliaiGTLS6KCvadv3uw6XGiPPFcTfY7CdF7Z/Q==",
			"requires": {
				"cheerio": "^1.0.0-rc.3",
				"commander": "^6.1.0",
				"mensch": "^0.3.4",
				"slick": "^1.12.2",
				"web-resource-inliner": "^5.0.0"
			},
			"dependencies": {
				"commander": {
					"version": "6.2.1",
					"resolved": "https://registry.npmjs.org/commander/-/commander-6.2.1.tgz",
					"integrity": "sha512-U7VdrJFnJgo4xjrHpTzu0yrHPGImdsmD95ZlgYSEajAn2JKzDhDTPG9kBTefmObL2w/ngeZnilk+OV9CG3d7UA=="
				}
			}
		},
		"linkify-it": {
			"version": "3.0.3",
			"resolved": "https://registry.npmjs.org/linkify-it/-/linkify-it-3.0.3.tgz",
			"integrity": "sha512-ynTsyrFSdE5oZ/O9GEf00kPngmOfVwazR5GKDq6EYfhlpFug3J2zybX56a2PRRpc9P+FuSoGNAwjlbDs9jJBPQ==",
			"requires": {
				"uc.micro": "^1.0.1"
			}
		},
		"markdown-it": {
			"version": "12.3.2",
			"resolved": "https://registry.npmjs.org/markdown-it/-/markdown-it-12.3.2.tgz",
			"integrity": "sha512-TchMembfxfNVpHkbtriWltGWc+m3xszaRD0CZup7GFFhzIgQqxIfn3eGj1yZpfuflzPvfkt611B2Q/Bsk1YnGg==",
			"requires": {
				"argparse": "^2.0.1",
				"entities": "~2.1.0",
				"linkify-it": "^3.0.1",
				"mdurl": "^1.0.1",
				"uc.micro": "^1.0.5"
			}
		},
		"markdown-it-attrs": {
			"version": "4.1.3",
			"resolved": "https://registry.npmjs.org/markdown-it-attrs/-/markdown-it-attrs-4.1.3.tgz",
			"integrity": "sha512-d5yg/lzQV2KFI/4LPsZQB3uxQrf0/l2/RnMPCPm4lYLOZUSmFlpPccyojnzaHkfQpAD8wBHfnfUW0aMhpKOS2g=="
		},
		"markdown-it-bracketed-spans": {
			"version": "1.0.1",
			"resolved": "https://registry.npmjs.org/markdown-it-bracketed-spans/-/markdown-it-bracketed-spans-1.0.1.tgz",
			"integrity": "sha512-ffDHx7bdOEecvo/EPpsatFLNnLZBRdj+ZF/v6gGJh0ixU0oVWxUUeJn5daVnT0sn0MU73G9oPDTqBX82z99fnw=="
		},
		"markdown-it-container": {
			"version": "3.0.0",
			"resolved": "https://registry.npmjs.org/markdown-it-container/-/markdown-it-container-3.0.0.tgz",
			"integrity": "sha512-y6oKTq4BB9OQuY/KLfk/O3ysFhB3IMYoIWhGJEidXt1NQFocFK2sA2t0NYZAMyMShAGL6x5OPIbrmXPIqaN9rw=="
		},
		"markdown-it-deflist": {
			"version": "2.1.0",
			"resolved": "https://registry.npmjs.org/markdown-it-deflist/-/markdown-it-deflist-2.1.0.tgz",
			"integrity": "sha512-3OuqoRUlSxJiuQYu0cWTLHNhhq2xtoSFqsZK8plANg91+RJQU1ziQ6lA2LzmFAEes18uPBsHZpcX6We5l76Nzg=="
		},
		"markdown-it-emoji": {
			"version": "2.0.0",
			"resolved": "https://registry.npmjs.org/markdown-it-emoji/-/markdown-it-emoji-2.0.0.tgz",
			"integrity": "sha512-39j7/9vP/CPCKbEI44oV8yoPJTpvfeReTn/COgRhSpNrjWF3PfP/JUxxB0hxV6ynOY8KH8Y8aX9NMDdo6z+6YQ=="
		},
		"markdown-it-footnote": {
			"version": "3.0.3",
			"resolved": "https://registry.npmjs.org/markdown-it-footnote/-/markdown-it-footnote-3.0.3.tgz",
			"integrity": "sha512-YZMSuCGVZAjzKMn+xqIco9d1cLGxbELHZ9do/TSYVzraooV8ypsppKNmUJ0fVH5ljkCInQAtFpm8Rb3eXSrt5w=="
		},
		"markdown-it-gridtables": {
			"version": "0.3.0",
			"resolved": "https://registry.npmjs.org/markdown-it-gridtables/-/markdown-it-gridtables-0.3.0.tgz",
			"integrity": "sha512-dXu6tr0svWPZm3BeShz/i0wDIUJ3QiuPj9VrJGgtz2+EbozjZ3n6e2vx2w5W+/1RzZ8V3iELJpvhGcle7WDeWw==",
			"requires": {
				"@types/markdown-it": "^12.2.3",
				"markdown-it": "^12.3.2"
			}
		},
		"markdown-it-implicit-figures": {
			"version": "0.10.0",
			"resolved": "https://registry.npmjs.org/markdown-it-implicit-figures/-/markdown-it-implicit-figures-0.10.0.tgz",
			"integrity": "sha512-1TWr6+apyoJvRa4Z7eIolZdeajZCRBcc1ckVXon7XwdL8MfydIWsHnZOS5zRrpUNX5b0/O9giWcmuItSkleK5A=="
		},
		"markdown-it-mathjax3": {
			"version": "4.3.1",
			"resolved": "https://registry.npmjs.org/markdown-it-mathjax3/-/markdown-it-mathjax3-4.3.1.tgz",
			"integrity": "sha512-IkM3Cuk4rtjy9VwLzWpgeitcwnEmK2eYJrztNRv1v7mwZaOLMTkgjJGT71GdJADrpvAEWhNn43EKtjynhEsaIQ==",
			"requires": {
				"juice": "^8.0.0",
				"mathjax-full": "^3.2.0"
			}
		},
		"markdown-it-pfm": {
			"version": "0.1.7",
			"resolved": "https://registry.npmjs.org/markdown-it-pfm/-/markdown-it-pfm-0.1.7.tgz",
			"integrity": "sha512-VM39WpViboGqJbwTCVe6zjP9DTqwkNtIa+IyIh+badLfnzv+njNqxIrSLnilwJdVMqeZoZPQvjutiyTO8wh/7w==",
			"requires": {
				"markdown-it-attrs": "^4.1.3",
				"markdown-it-bracketed-spans": "^1.0.1",
				"markdown-it-container": "^3.0.0",
				"markdown-it-deflist": "^2.1.0",
				"markdown-it-footnote": "^3.0.3",
				"markdown-it-gridtables": "^0.3.0",
				"markdown-it-implicit-figures": "^0.10.0",
				"markdown-it-mathjax3": "^4.3.1",
				"markdown-it-sub": "^1.0.0",
				"markdown-it-sup": "^1.0.0",
				"markdown-it-task-lists": "^2.1.1"
			}
		},
		"markdown-it-sub": {
			"version": "1.0.0",
			"resolved": "https://registry.npmjs.org/markdown-it-sub/-/markdown-it-sub-1.0.0.tgz",
			"integrity": "sha1-N1/WAm6ufdywEkl/ZBEZXqHjr+g="
		},
		"markdown-it-sup": {
			"version": "1.0.0",
			"resolved": "https://registry.npmjs.org/markdown-it-sup/-/markdown-it-sup-1.0.0.tgz",
			"integrity": "sha1-y5yf+RpSVawI8/09YyhuFd8KH8M="
		},
		"markdown-it-task-lists": {
			"version": "2.1.1",
			"resolved": "https://registry.npmjs.org/markdown-it-task-lists/-/markdown-it-task-lists-2.1.1.tgz",
			"integrity": "sha512-TxFAc76Jnhb2OUu+n3yz9RMu4CwGfaT788br6HhEDlvWfdeJcLUsxk1Hgw2yJio0OXsxv7pyIPmvECY7bMbluA=="
		},
		"mathjax-full": {
			"version": "3.2.0",
			"resolved": "https://registry.npmjs.org/mathjax-full/-/mathjax-full-3.2.0.tgz",
			"integrity": "sha512-D2EBNvUG+mJyhn+M1C858k0f2Fc4KxXvbEX2WCMXroV10212JwfYqaBJ336ECBSz5X9L5LRoamxb7AJtg3KaJA==",
			"requires": {
				"esm": "^3.2.25",
				"mhchemparser": "^4.1.0",
				"mj-context-menu": "^0.6.1",
				"speech-rule-engine": "^3.3.3"
			}
		},
		"mdurl": {
			"version": "1.0.1",
			"resolved": "https://registry.npmjs.org/mdurl/-/mdurl-1.0.1.tgz",
			"integrity": "sha1-/oWy7HWlkDfyrf7BAP1sYBdhFS4="
		},
		"mensch": {
			"version": "0.3.4",
			"resolved": "https://registry.npmjs.org/mensch/-/mensch-0.3.4.tgz",
			"integrity": "sha512-IAeFvcOnV9V0Yk+bFhYR07O3yNina9ANIN5MoXBKYJ/RLYPurd2d0yw14MDhpr9/momp0WofT1bPUh3hkzdi/g=="
		},
		"mhchemparser": {
			"version": "4.1.1",
			"resolved": "https://registry.npmjs.org/mhchemparser/-/mhchemparser-4.1.1.tgz",
			"integrity": "sha512-R75CUN6O6e1t8bgailrF1qPq+HhVeFTM3XQ0uzI+mXTybmphy3b6h4NbLOYhemViQ3lUs+6CKRkC3Ws1TlYREA=="
		},
		"mime": {
			"version": "2.6.0",
			"resolved": "https://registry.npmjs.org/mime/-/mime-2.6.0.tgz",
			"integrity": "sha512-USPkMeET31rOMiarsBNIHZKLGgvKc/LrjofAnBlOttf5ajRvqiRA8QsenbcooctK6d6Ts6aqZXBA+XbkKthiQg=="
		},
		"mj-context-menu": {
			"version": "0.6.1",
			"resolved": "https://registry.npmjs.org/mj-context-menu/-/mj-context-menu-0.6.1.tgz",
			"integrity": "sha512-7NO5s6n10TIV96d4g2uDpG7ZDpIhMh0QNfGdJw/W47JswFcosz457wqz/b5sAKvl12sxINGFCn80NZHKwxQEXA=="
		},
		"node-fetch": {
			"version": "2.6.7",
			"resolved": "https://registry.npmjs.org/node-fetch/-/node-fetch-2.6.7.tgz",
			"integrity": "sha512-ZjMPFEfVx5j+y2yF35Kzx5sF7kDzxuDj6ziH4FFbOp87zKDZNx8yExJIb05OGF4Nlt9IHFIMBkRl41VdvcNdbQ==",
			"requires": {
				"whatwg-url": "^5.0.0"
			}
		},
		"nth-check": {
			"version": "2.0.1",
			"resolved": "https://registry.npmjs.org/nth-check/-/nth-check-2.0.1.tgz",
			"integrity": "sha512-it1vE95zF6dTT9lBsYbxvqh0Soy4SPowchj0UBGj/V6cTPnXXtQOPUbhZ6CmGzAD/rW22LQK6E96pcdJXk4A4w==",
			"requires": {
				"boolbase": "^1.0.0"
			}
		},
		"parse5": {
			"version": "6.0.1",
			"resolved": "https://registry.npmjs.org/parse5/-/parse5-6.0.1.tgz",
			"integrity": "sha512-Ofn/CTFzRGTTxwpNEs9PP93gXShHcTq255nzRYSKe8AkVpZY7e1fpmTfOyoIvjP5HG7Z2ZM7VS9PPhQGW2pOpw=="
		},
		"parse5-htmlparser2-tree-adapter": {
			"version": "6.0.1",
			"resolved": "https://registry.npmjs.org/parse5-htmlparser2-tree-adapter/-/parse5-htmlparser2-tree-adapter-6.0.1.tgz",
			"integrity": "sha512-qPuWvbLgvDGilKc5BoicRovlT4MtYT6JfJyBOMDsKoiT+GiuP5qyrPCnR9HcPECIJJmZh5jRndyNThnhhb/vlA==",
			"requires": {
				"parse5": "^6.0.1"
			}
		},
		"slick": {
			"version": "1.12.2",
			"resolved": "https://registry.npmjs.org/slick/-/slick-1.12.2.tgz",
			"integrity": "sha1-vQSN23TefRymkV+qSldXCzVQwtc="
		},
		"speech-rule-engine": {
			"version": "3.3.3",
			"resolved": "https://registry.npmjs.org/speech-rule-engine/-/speech-rule-engine-3.3.3.tgz",
			"integrity": "sha512-0exWw+0XauLjat+f/aFeo5T8SiDsO1JtwpY3qgJE4cWt+yL/Stl0WP4VNDWdh7lzGkubUD9lWP4J1ASnORXfyQ==",
			"requires": {
				"commander": ">=7.0.0",
				"wicked-good-xpath": "^1.3.0",
				"xmldom-sre": "^0.1.31"
			},
			"dependencies": {
				"commander": {
					"version": "9.0.0",
					"resolved": "https://registry.npmjs.org/commander/-/commander-9.0.0.tgz",
					"integrity": "sha512-JJfP2saEKbQqvW+FI93OYUB4ByV5cizMpFMiiJI8xDbBvQvSkIk0VvQdn1CZ8mqAO8Loq2h0gYTYtDFUZUeERw=="
				}
			}
		},
		"tr46": {
			"version": "0.0.3",
			"resolved": "https://registry.npmjs.org/tr46/-/tr46-0.0.3.tgz",
			"integrity": "sha1-gYT9NH2snNwYWZLzpmIuFLnZq2o="
		},
		"uc.micro": {
			"version": "1.0.6",
			"resolved": "https://registry.npmjs.org/uc.micro/-/uc.micro-1.0.6.tgz",
			"integrity": "sha512-8Y75pvTYkLJW2hWQHXxoqRgV7qb9B+9vFEtidML+7koHUFapnVJAZ6cKs+Qjz5Aw3aZWHMC6u0wJE3At+nSGwA=="
		},
		"valid-data-url": {
			"version": "3.0.1",
			"resolved": "https://registry.npmjs.org/valid-data-url/-/valid-data-url-3.0.1.tgz",
			"integrity": "sha512-jOWVmzVceKlVVdwjNSenT4PbGghU0SBIizAev8ofZVgivk/TVHXSbNL8LP6M3spZvkR9/QolkyJavGSX5Cs0UA=="
		},
		"web-resource-inliner": {
			"version": "5.0.0",
			"resolved": "https://registry.npmjs.org/web-resource-inliner/-/web-resource-inliner-5.0.0.tgz",
			"integrity": "sha512-AIihwH+ZmdHfkJm7BjSXiEClVt4zUFqX4YlFAzjL13wLtDuUneSaFvDBTbdYRecs35SiU7iNKbMnN+++wVfb6A==",
			"requires": {
				"ansi-colors": "^4.1.1",
				"escape-goat": "^3.0.0",
				"htmlparser2": "^4.0.0",
				"mime": "^2.4.6",
				"node-fetch": "^2.6.0",
				"valid-data-url": "^3.0.0"
			},
			"dependencies": {
				"domhandler": {
					"version": "3.3.0",
					"resolved": "https://registry.npmjs.org/domhandler/-/domhandler-3.3.0.tgz",
					"integrity": "sha512-J1C5rIANUbuYK+FuFL98650rihynUOEzRLxW+90bKZRWB6A1X1Tf82GxR1qAWLyfNPRvjqfip3Q5tdYlmAa9lA==",
					"requires": {
						"domelementtype": "^2.0.1"
					}
				},
				"htmlparser2": {
					"version": "4.1.0",
					"resolved": "https://registry.npmjs.org/htmlparser2/-/htmlparser2-4.1.0.tgz",
					"integrity": "sha512-4zDq1a1zhE4gQso/c5LP1OtrhYTncXNSpvJYtWJBtXAETPlMfi3IFNjGuQbYLuVY4ZR0QMqRVvo4Pdy9KLyP8Q==",
					"requires": {
						"domelementtype": "^2.0.1",
						"domhandler": "^3.0.0",
						"domutils": "^2.0.0",
						"entities": "^2.0.0"
					}
				}
			}
		},
		"webidl-conversions": {
			"version": "3.0.1",
			"resolved": "https://registry.npmjs.org/webidl-conversions/-/webidl-conversions-3.0.1.tgz",
			"integrity": "sha1-JFNCdeKnvGvnvIZhHMFq4KVlSHE="
		},
		"whatwg-url": {
			"version": "5.0.0",
			"resolved": "https://registry.npmjs.org/whatwg-url/-/whatwg-url-5.0.0.tgz",
			"integrity": "sha1-lmRU6HZUYuN2RNNib2dCzotwll0=",
			"requires": {
				"tr46": "~0.0.3",
				"webidl-conversions": "^3.0.0"
			}
		},
		"wicked-good-xpath": {
			"version": "1.3.0",
			"resolved": "https://registry.npmjs.org/wicked-good-xpath/-/wicked-good-xpath-1.3.0.tgz",
			"integrity": "sha1-gbDpXoZQ5JyUsiKY//hoa1VTz2w="
		},
		"xmldom-sre": {
			"version": "0.1.31",
			"resolved": "https://registry.npmjs.org/xmldom-sre/-/xmldom-sre-0.1.31.tgz",
			"integrity": "sha512-f9s+fUkX04BxQf+7mMWAp5zk61pciie+fFLC9hX9UVvCeJQfNHRHXpeo5MPcR0EUf57PYLdt+ZO4f3Ipk2oZUw=="
		}
	}
}
